
Microsoft Visual Studio Solution File, Format Version 12.00
# Visual Studio Version 16
VisualStudioVersion = 16.0.30804.86
MinimumVisualStudioVersion = 10.0.40219.1
Project("{FAE04EC0-301F-11D3-BF4B-00C04F79EFBC}") = "Lambda02", "Lambda02\Lambda02.csproj", "{11183C36-0B54-4B89-AB79-97946F560B1B}"
EndProject
Global
	GlobalSection(SolutionConfigurationPlatforms) = preSolution
		Debug|Any CPU = Debug|Any CPU
		Release|Any CPU = Release|Any CPU
	EndGlobalSection
	GlobalSection(ProjectConfigurationPlatforms) = postSolution
		{11183C36-0B54-4B89-AB79-97946F560B1B}.Debug|Any CPU.ActiveCfg = Debug|Any CPU
		{11183C36-0B54-4B89-AB79-97946F560B1B}.Debug|Any CPU.Build.0 = Debug|Any CPU
		{11183C36-0B54-4B89-AB79-97946F560B1B}.Release|Any CPU.ActiveCfg = Release|Any CPU
		{11183C36-0B54-4B89-AB79-97946F560B1B}.Release|Any CPU.Build.0 = Release|Any CPU
	EndGlobalSection
	GlobalSection(SolutionProperties) = preSolution
		HideSolutionNode = FALSE
	EndGlobalSection
	GlobalSection(ExtensibilityGlobals) = postSolution
		SolutionGuid = {28FCBC2B-1A15-49B0-AD43-AEE4F8C4FE62}
	EndGlobalSection
EndGlobal
